
Microsoft Visual Studio Solution File, Format Version 12.00
# Visual Studio Version 17
VisualStudioVersion = 17.11.35327.3
MinimumVisualStudioVersion = 10.0.40219.1
Project("{2150E333-8FDC-42A3-9474-1A3956D46DE8}") = "SimpleProjectWithCleanArchitecture", "SimpleProjectWithCleanArchitecture", "{F00F00DE-AD77-4B47-B36B-F84D0DFE520F}"
EndProject
Project("{FAE04EC0-301F-11D3-BF4B-00C04F79EFBC}") = "S.P.WithCleanArchitecture.Domain", "SimpleCleanArchitecture.Domain\S.P.WithCleanArchitecture.Domain.csproj", "{397AE803-D0B5-4A9C-81A3-FE75E538ECE8}"
EndProject
Project("{FAE04EC0-301F-11D3-BF4B-00C04F79EFBC}") = "S.P.WithCleanArchitecture.Infrastructure", "S.P.WithCleanArchitecture.Infrastructure\S.P.WithCleanArchitecture.Infrastructure.csproj", "{CDF73BA0-12A5-49E3-9F14-ED6959AE8F8F}"
EndProject
Project("{FAE04EC0-301F-11D3-BF4B-00C04F79EFBC}") = "S.P.WithCleanArchitecture.Application", "S.P.WithCleanArchitecture.Application\S.P.WithCleanArchitecture.Application.csproj", "{CF3747B0-2C68-43E1-906C-DF06B385B74D}"
EndProject
Project("{FAE04EC0-301F-11D3-BF4B-00C04F79EFBC}") = "S.P.WithCleanArchiteture.API", "S.P.WithCleanArchiteture.API\S.P.WithCleanArchiteture.API.csproj", "{A0045976-0468-4037-BDF2-B80E3199CFBC}"
EndProject
Global
	GlobalSection(SolutionConfigurationPlatforms) = preSolution
		Debug|Any CPU = Debug|Any CPU
		Release|Any CPU = Release|Any CPU
	EndGlobalSection
	GlobalSection(ProjectConfigurationPlatforms) = postSolution
		{397AE803-D0B5-4A9C-81A3-FE75E538ECE8}.Debug|Any CPU.ActiveCfg = Debug|Any CPU
		{397AE803-D0B5-4A9C-81A3-FE75E538ECE8}.Debug|Any CPU.Build.0 = Debug|Any CPU
		{397AE803-D0B5-4A9C-81A3-FE75E538ECE8}.Release|Any CPU.ActiveCfg = Release|Any CPU
		{397AE803-D0B5-4A9C-81A3-FE75E538ECE8}.Release|Any CPU.Build.0 = Release|Any CPU
		{CDF73BA0-12A5-49E3-9F14-ED6959AE8F8F}.Debug|Any CPU.ActiveCfg = Debug|Any CPU
		{CDF73BA0-12A5-49E3-9F14-ED6959AE8F8F}.Debug|Any CPU.Build.0 = Debug|Any CPU
		{CDF73BA0-12A5-49E3-9F14-ED6959AE8F8F}.Release|Any CPU.ActiveCfg = Release|Any CPU
		{CDF73BA0-12A5-49E3-9F14-ED6959AE8F8F}.Release|Any CPU.Build.0 = Release|Any CPU
		{CF3747B0-2C68-43E1-906C-DF06B385B74D}.Debug|Any CPU.ActiveCfg = Debug|Any CPU
		{CF3747B0-2C68-43E1-906C-DF06B385B74D}.Debug|Any CPU.Build.0 = Debug|Any CPU
		{CF3747B0-2C68-43E1-906C-DF06B385B74D}.Release|Any CPU.ActiveCfg = Release|Any CPU
		{CF3747B0-2C68-43E1-906C-DF06B385B74D}.Release|Any CPU.Build.0 = Release|Any CPU
		{A0045976-0468-4037-BDF2-B80E3199CFBC}.Debug|Any CPU.ActiveCfg = Debug|Any CPU
		{A0045976-0468-4037-BDF2-B80E3199CFBC}.Debug|Any CPU.Build.0 = Debug|Any CPU
		{A0045976-0468-4037-BDF2-B80E3199CFBC}.Release|Any CPU.ActiveCfg = Release|Any CPU
		{A0045976-0468-4037-BDF2-B80E3199CFBC}.Release|Any CPU.Build.0 = Release|Any CPU
	EndGlobalSection
	GlobalSection(SolutionProperties) = preSolution
		HideSolutionNode = FALSE
	EndGlobalSection
	GlobalSection(NestedProjects) = preSolution
		{397AE803-D0B5-4A9C-81A3-FE75E538ECE8} = {F00F00DE-AD77-4B47-B36B-F84D0DFE520F}
		{CDF73BA0-12A5-49E3-9F14-ED6959AE8F8F} = {F00F00DE-AD77-4B47-B36B-F84D0DFE520F}
		{CF3747B0-2C68-43E1-906C-DF06B385B74D} = {F00F00DE-AD77-4B47-B36B-F84D0DFE520F}
		{A0045976-0468-4037-BDF2-B80E3199CFBC} = {F00F00DE-AD77-4B47-B36B-F84D0DFE520F}
	EndGlobalSection
	GlobalSection(ExtensibilityGlobals) = postSolution
		SolutionGuid = {5B8A4E69-F565-4F72-80F4-3C2FAAB39C88}
	EndGlobalSection
EndGlobal
